// !$*UTF8*$!
{
	archiveVersion = 1;
	classes = {
	};
	objectVersion = 51;
	objects = {

/* Begin PBXBuildFile section */
		190E12A6236051A000BA3054 /* AppDelegate.swift in Sources */ = {isa = PBXBuildFile; fileRef = 190E12A5236051A000BA3054 /* AppDelegate.swift */; };
		190E12A8236051A000BA3054 /* SceneDelegate.swift in Sources */ = {isa = PBXBuildFile; fileRef = 190E12A7236051A000BA3054 /* SceneDelegate.swift */; };
		190E12AA236051A000BA3054 /* PlacesListVC.swift in Sources */ = {isa = PBXBuildFile; fileRef = 190E12A9236051A000BA3054 /* PlacesListVC.swift */; };
		190E12AD236051A000BA3054 /* Main.storyboard in Resources */ = {isa = PBXBuildFile; fileRef = 190E12AB236051A000BA3054 /* Main.storyboard */; };
		190E12AF236051A700BA3054 /* Assets.xcassets in Resources */ = {isa = PBXBuildFile; fileRef = 190E12AE236051A700BA3054 /* Assets.xcassets */; };
		190E12B2236051A700BA3054 /* LaunchScreen.storyboard in Resources */ = {isa = PBXBuildFile; fileRef = 190E12B0236051A700BA3054 /* LaunchScreen.storyboard */; };
		192AEE022360C3A700AA09A8 /* PlaceManagementVM.swift in Sources */ = {isa = PBXBuildFile; fileRef = 192AEE012360C3A700AA09A8 /* PlaceManagementVM.swift */; };
		1939C1AC2360D90700978F05 /* ViewModel.swift in Sources */ = {isa = PBXBuildFile; fileRef = 1939C1AB2360D90700978F05 /* ViewModel.swift */; };
		1939C1AF2360DA9D00978F05 /* BindingTextField.swift in Sources */ = {isa = PBXBuildFile; fileRef = 1939C1AE2360DA9D00978F05 /* BindingTextField.swift */; };
		193F32682362112800B3B227 /* PlacesListVMProtocol.swift in Sources */ = {isa = PBXBuildFile; fileRef = 193F32672362112800B3B227 /* PlacesListVMProtocol.swift */; };
		193F326B236226F200B3B227 /* CustomImageView.swift in Sources */ = {isa = PBXBuildFile; fileRef = 193F326A236226F200B3B227 /* CustomImageView.swift */; };
		19750C5C2361EC87001F403C /* PlacesListVM.swift in Sources */ = {isa = PBXBuildFile; fileRef = 19750C5B2361EC87001F403C /* PlacesListVM.swift */; };
		197534C02360F49E00566E2E /* ProgressProtocol.swift in Sources */ = {isa = PBXBuildFile; fileRef = 197534BF2360F49E00566E2E /* ProgressProtocol.swift */; };
		197534C42360F64000566E2E /* Extension+UIViewController.swift in Sources */ = {isa = PBXBuildFile; fileRef = 197534C32360F64000566E2E /* Extension+UIViewController.swift */; };
		19A6FD1C2360797F007F3FD5 /* PlacesDB.swift in Sources */ = {isa = PBXBuildFile; fileRef = 19A6FD1B2360797F007F3FD5 /* PlacesDB.swift */; };
		19A6FD1E236079F7007F3FD5 /* PlacesDBServices.swift in Sources */ = {isa = PBXBuildFile; fileRef = 19A6FD1D236079F7007F3FD5 /* PlacesDBServices.swift */; };
		19A6FD20236089C9007F3FD5 /* PlaceModel.swift in Sources */ = {isa = PBXBuildFile; fileRef = 19A6FD1F236089C9007F3FD5 /* PlaceModel.swift */; };
		19A6FD22236099DA007F3FD5 /* GoogleService-Info.plist in Resources */ = {isa = PBXBuildFile; fileRef = 19A6FD21236099D9007F3FD5 /* GoogleService-Info.plist */; };
		19A6FD2423609A78007F3FD5 /* PlaceManagementVC.swift in Sources */ = {isa = PBXBuildFile; fileRef = 19A6FD2323609A78007F3FD5 /* PlaceManagementVC.swift */; };
		19A6FD262360B43A007F3FD5 /* MapVC.swift in Sources */ = {isa = PBXBuildFile; fileRef = 19A6FD252360B43A007F3FD5 /* MapVC.swift */; };
		8BC447098034C17801A8D541 /* Pods_Places_Aniversarie.framework in Frameworks */ = {isa = PBXBuildFile; fileRef = 6C8E415E337994B3FD4FF382 /* Pods_Places_Aniversarie.framework */; };
/* End PBXBuildFile section */

/* Begin PBXFileReference section */
		098C453EF76A9FE3B16924EA /* Pods-Places_Aniversarie.debug.xcconfig */ = {isa = PBXFileReference; includeInIndex = 1; lastKnownFileType = text.xcconfig; name = "Pods-Places_Aniversarie.debug.xcconfig"; path = "Target Support Files/Pods-Places_Aniversarie/Pods-Places_Aniversarie.debug.xcconfig"; sourceTree = "<group>"; };
		190E12A2236051A000BA3054 /* Places_Aniversarie.app */ = {isa = PBXFileReference; explicitFileType = wrapper.application; includeInIndex = 0; path = Places_Aniversarie.app; sourceTree = BUILT_PRODUCTS_DIR; };
		190E12A5236051A000BA3054 /* AppDelegate.swift */ = {isa = PBXFileReference; lastKnownFileType = sourcecode.swift; name = AppDelegate.swift; path = "../New Group/AppDelegate.swift"; sourceTree = "<group>"; };
		190E12A7236051A000BA3054 /* SceneDelegate.swift */ = {isa = PBXFileReference; lastKnownFileType = sourcecode.swift; path = SceneDelegate.swift; sourceTree = "<group>"; };
		190E12A9236051A000BA3054 /* PlacesListVC.swift */ = {isa = PBXFileReference; lastKnownFileType = sourcecode.swift; path = PlacesListVC.swift; sourceTree = "<group>"; };
		190E12AC236051A000BA3054 /* Base */ = {isa = PBXFileReference; lastKnownFileType = file.storyboard; name = Base; path = Base.lproj/Main.storyboard; sourceTree = "<group>"; };
		190E12AE236051A700BA3054 /* Assets.xcassets */ = {isa = PBXFileReference; lastKnownFileType = folder.assetcatalog; path = Assets.xcassets; sourceTree = "<group>"; };
		190E12B1236051A700BA3054 /* Base */ = {isa = PBXFileReference; lastKnownFileType = file.storyboard; name = Base; path = Base.lproj/LaunchScreen.storyboard; sourceTree = "<group>"; };
		190E12B3236051A700BA3054 /* Info.plist */ = {isa = PBXFileReference; lastKnownFileType = text.plist.xml; path = Info.plist; sourceTree = "<group>"; };
		192AEE012360C3A700AA09A8 /* PlaceManagementVM.swift */ = {isa = PBXFileReference; lastKnownFileType = sourcecode.swift; path = PlaceManagementVM.swift; sourceTree = "<group>"; };
		1939C1AB2360D90700978F05 /* ViewModel.swift */ = {isa = PBXFileReference; lastKnownFileType = sourcecode.swift; path = ViewModel.swift; sourceTree = "<group>"; };
		1939C1AE2360DA9D00978F05 /* BindingTextField.swift */ = {isa = PBXFileReference; lastKnownFileType = sourcecode.swift; path = BindingTextField.swift; sourceTree = "<group>"; };
		193F32672362112800B3B227 /* PlacesListVMProtocol.swift */ = {isa = PBXFileReference; lastKnownFileType = sourcecode.swift; path = PlacesListVMProtocol.swift; sourceTree = "<group>"; };
		193F326A236226F200B3B227 /* CustomImageView.swift */ = {isa = PBXFileReference; lastKnownFileType = sourcecode.swift; path = CustomImageView.swift; sourceTree = "<group>"; };
		19750C5B2361EC87001F403C /* PlacesListVM.swift */ = {isa = PBXFileReference; lastKnownFileType = sourcecode.swift; path = PlacesListVM.swift; sourceTree = "<group>"; };
		197534BF2360F49E00566E2E /* ProgressProtocol.swift */ = {isa = PBXFileReference; lastKnownFileType = sourcecode.swift; path = ProgressProtocol.swift; sourceTree = "<group>"; };
		197534C32360F64000566E2E /* Extension+UIViewController.swift */ = {isa = PBXFileReference; lastKnownFileType = sourcecode.swift; path = "Extension+UIViewController.swift"; sourceTree = "<group>"; };
		19A6FD1B2360797F007F3FD5 /* PlacesDB.swift */ = {isa = PBXFileReference; lastKnownFileType = sourcecode.swift; path = PlacesDB.swift; sourceTree = "<group>"; };
		19A6FD1D236079F7007F3FD5 /* PlacesDBServices.swift */ = {isa = PBXFileReference; lastKnownFileType = sourcecode.swift; path = PlacesDBServices.swift; sourceTree = "<group>"; };
		19A6FD1F236089C9007F3FD5 /* PlaceModel.swift */ = {isa = PBXFileReference; lastKnownFileType = sourcecode.swift; path = PlaceModel.swift; sourceTree = "<group>"; };
		19A6FD21236099D9007F3FD5 /* GoogleService-Info.plist */ = {isa = PBXFileReference; fileEncoding = 4; lastKnownFileType = text.plist.xml; path = "GoogleService-Info.plist"; sourceTree = "<group>"; };
		19A6FD2323609A78007F3FD5 /* PlaceManagementVC.swift */ = {isa = PBXFileReference; lastKnownFileType = sourcecode.swift; path = PlaceManagementVC.swift; sourceTree = "<group>"; };
		19A6FD252360B43A007F3FD5 /* MapVC.swift */ = {isa = PBXFileReference; lastKnownFileType = sourcecode.swift; path = MapVC.swift; sourceTree = "<group>"; };
		6C8E415E337994B3FD4FF382 /* Pods_Places_Aniversarie.framework */ = {isa = PBXFileReference; explicitFileType = wrapper.framework; includeInIndex = 0; path = Pods_Places_Aniversarie.framework; sourceTree = BUILT_PRODUCTS_DIR; };
		D6E5DE361098A891B06C2255 /* Pods-Places_Aniversarie.release.xcconfig */ = {isa = PBXFileReference; includeInIndex = 1; lastKnownFileType = text.xcconfig; name = "Pods-Places_Aniversarie.release.xcconfig"; path = "Target Support Files/Pods-Places_Aniversarie/Pods-Places_Aniversarie.release.xcconfig"; sourceTree = "<group>"; };
/* End PBXFileReference section */

/* Begin PBXFrameworksBuildPhase section */
		190E129F236051A000BA3054 /* Frameworks */ = {
			isa = PBXFrameworksBuildPhase;
			buildActionMask = 2147483647;
			files = (
				8BC447098034C17801A8D541 /* Pods_Places_Aniversarie.framework in Frameworks */,
			);
			runOnlyForDeploymentPostprocessing = 0;
		};
/* End PBXFrameworksBuildPhase section */

/* Begin PBXGroup section */
		190E1299236051A000BA3054 = {
			isa = PBXGroup;
			children = (
				190E12A4236051A000BA3054 /* Places_Aniversarie */,
				190E12A3236051A000BA3054 /* Products */,
				A17C4FE65BF489BB0A6B56AC /* Pods */,
				62B750144B5E4D65207B236D /* Frameworks */,
			);
			sourceTree = "<group>";
		};
		190E12A3236051A000BA3054 /* Products */ = {
			isa = PBXGroup;
			children = (
				190E12A2236051A000BA3054 /* Places_Aniversarie.app */,
			);
			name = Products;
			sourceTree = "<group>";
		};
		190E12A4236051A000BA3054 /* Places_Aniversarie */ = {
			isa = PBXGroup;
			children = (
				19A6FD21236099D9007F3FD5 /* GoogleService-Info.plist */,
				19A6FD1823607506007F3FD5 /* Model */,
				19A6FD17236074F6007F3FD5 /* View Model */,
				19A6FD16236074E5007F3FD5 /* View */,
				19A6FD14236074C6007F3FD5 /* Utilities */,
				19A6FD13236074B4007F3FD5 /* Service */,
				19A6FD1223607491007F3FD5 /* Assets */,
				19A6FD1123607476007F3FD5 /* Application */,
				190E12B3236051A700BA3054 /* Info.plist */,
			);
			path = Places_Aniversarie;
			sourceTree = "<group>";
		};
		1939C1AD2360DA9100978F05 /* Binding */ = {
			isa = PBXGroup;
			children = (
				1939C1AE2360DA9D00978F05 /* BindingTextField.swift */,
			);
			path = Binding;
			sourceTree = "<group>";
		};
		193F3269236226D400B3B227 /* CustomeControls */ = {
			isa = PBXGroup;
			children = (
				193F326A236226F200B3B227 /* CustomImageView.swift */,
			);
			path = CustomeControls;
			sourceTree = "<group>";
		};
		197534C12360F61800566E2E /* Extension */ = {
			isa = PBXGroup;
			children = (
				197534C32360F64000566E2E /* Extension+UIViewController.swift */,
			);
			path = Extension;
			sourceTree = "<group>";
		};
		197534C22360F62600566E2E /* Protocols */ = {
			isa = PBXGroup;
			children = (
				197534BF2360F49E00566E2E /* ProgressProtocol.swift */,
				193F32672362112800B3B227 /* PlacesListVMProtocol.swift */,
			);
			path = Protocols;
			sourceTree = "<group>";
		};
		19A6FD1123607476007F3FD5 /* Application */ = {
			isa = PBXGroup;
			children = (
				190E12A7236051A000BA3054 /* SceneDelegate.swift */,
				190E12A5236051A000BA3054 /* AppDelegate.swift */,
			);
			path = Application;
			sourceTree = "<group>";
		};
		19A6FD1223607491007F3FD5 /* Assets */ = {
			isa = PBXGroup;
			children = (
				190E12AE236051A700BA3054 /* Assets.xcassets */,
			);
			path = Assets;
			sourceTree = "<group>";
		};
		19A6FD13236074B4007F3FD5 /* Service */ = {
			isa = PBXGroup;
			children = (
				19A6FD1B2360797F007F3FD5 /* PlacesDB.swift */,
				19A6FD1D236079F7007F3FD5 /* PlacesDBServices.swift */,
			);
			name = Service;
			path = "New Group1";
			sourceTree = "<group>";
		};
		19A6FD14236074C6007F3FD5 /* Utilities */ = {
			isa = PBXGroup;
			children = (
				193F3269236226D400B3B227 /* CustomeControls */,
				197534C22360F62600566E2E /* Protocols */,
				197534C12360F61800566E2E /* Extension */,
				1939C1AD2360DA9100978F05 /* Binding */,
			);
			path = Utilities;
			sourceTree = "<group>";
		};
		19A6FD16236074E5007F3FD5 /* View */ = {
			isa = PBXGroup;
			children = (
				19A6FD1A2360752E007F3FD5 /* Storyboard */,
				19A6FD192360751D007F3FD5 /* View Controller */,
			);
			path = View;
			sourceTree = "<group>";
		};
		19A6FD17236074F6007F3FD5 /* View Model */ = {
			isa = PBXGroup;
			children = (
				192AEE012360C3A700AA09A8 /* PlaceManagementVM.swift */,
				1939C1AB2360D90700978F05 /* ViewModel.swift */,
				19750C5B2361EC87001F403C /* PlacesListVM.swift */,
			);
			path = "View Model";
			sourceTree = "<group>";
		};
		19A6FD1823607506007F3FD5 /* Model */ = {
			isa = PBXGroup;
			children = (
				19A6FD1F236089C9007F3FD5 /* PlaceModel.swift */,
			);
			path = Model;
			sourceTree = "<group>";
		};
		19A6FD192360751D007F3FD5 /* View Controller */ = {
			isa = PBXGroup;
			children = (
				190E12A9236051A000BA3054 /* PlacesListVC.swift */,
				19A6FD2323609A78007F3FD5 /* PlaceManagementVC.swift */,
				19A6FD252360B43A007F3FD5 /* MapVC.swift */,
			);
			path = "View Controller";
			sourceTree = "<group>";
		};
		19A6FD1A2360752E007F3FD5 /* Storyboard */ = {
			isa = PBXGroup;
			children = (
				190E12AB236051A000BA3054 /* Main.storyboard */,
				190E12B0236051A700BA3054 /* LaunchScreen.storyboard */,
			);
			path = Storyboard;
			sourceTree = "<group>";
		};
		62B750144B5E4D65207B236D /* Frameworks */ = {
			isa = PBXGroup;
			children = (
				6C8E415E337994B3FD4FF382 /* Pods_Places_Aniversarie.framework */,
			);
			name = Frameworks;
			sourceTree = "<group>";
		};
		A17C4FE65BF489BB0A6B56AC /* Pods */ = {
			isa = PBXGroup;
			children = (
				098C453EF76A9FE3B16924EA /* Pods-Places_Aniversarie.debug.xcconfig */,
				D6E5DE361098A891B06C2255 /* Pods-Places_Aniversarie.release.xcconfig */,
			);
			path = Pods;
			sourceTree = "<group>";
		};
/* End PBXGroup section */

/* Begin PBXNativeTarget section */
		190E12A1236051A000BA3054 /* Places_Aniversarie */ = {
			isa = PBXNativeTarget;
			buildConfigurationList = 190E12B6236051A700BA3054 /* Build configuration list for PBXNativeTarget "Places_Aniversarie" */;
			buildPhases = (
				5DFA8E1AE511C7F4A18362BC /* [CP] Check Pods Manifest.lock */,
				190E129E236051A000BA3054 /* Sources */,
				190E129F236051A000BA3054 /* Frameworks */,
				190E12A0236051A000BA3054 /* Resources */,
				DD0C9D8B9CD70FE1340014E1 /* [CP] Embed Pods Frameworks */,
			);
			buildRules = (
			);
			dependencies = (
			);
			name = Places_Aniversarie;
			productName = Places_Aniversarie;
			productReference = 190E12A2236051A000BA3054 /* Places_Aniversarie.app */;
			productType = "com.apple.product-type.application";
		};
/* End PBXNativeTarget section */

/* Begin PBXProject section */
		190E129A236051A000BA3054 /* Project object */ = {
			isa = PBXProject;
			attributes = {
				LastSwiftUpdateCheck = 1110;
				LastUpgradeCheck = 1110;
				ORGANIZATIONNAME = Bassuni;
				TargetAttributes = {
					190E12A1236051A000BA3054 = {
						CreatedOnToolsVersion = 11.1;
					};
				};
			};
			buildConfigurationList = 190E129D236051A000BA3054 /* Build configuration list for PBXProject "Places_Aniversarie" */;
			compatibilityVersion = "Xcode 9.3";
			developmentRegion = en;
			hasScannedForEncodings = 0;
			knownRegions = (
				en,
				Base,
			);
			mainGroup = 190E1299236051A000BA3054;
			productRefGroup = 190E12A3236051A000BA3054 /* Products */;
			projectDirPath = "";
			projectRoot = "";
			targets = (
				190E12A1236051A000BA3054 /* Places_Aniversarie */,
			);
		};
/* End PBXProject section */

/* Begin PBXResourcesBuildPhase section */
		190E12A0236051A000BA3054 /* Resources */ = {
			isa = PBXResourcesBuildPhase;
			buildActionMask = 2147483647;
			files = (
				190E12B2236051A700BA3054 /* LaunchScreen.storyboard in Resources */,
				19A6FD22236099DA007F3FD5 /* GoogleService-Info.plist in Resources */,
				190E12AF236051A700BA3054 /* Assets.xcassets in Resources */,
				190E12AD236051A000BA3054 /* Main.storyboard in Resources */,
			);
			runOnlyForDeploymentPostprocessing = 0;
		};
/* End PBXResourcesBuildPhase section */

/* Begin PBXShellScriptBuildPhase section */
		5DFA8E1AE511C7F4A18362BC /* [CP] Check Pods Manifest.lock */ = {
			isa = PBXShellScriptBuildPhase;
			buildActionMask = 2147483647;
			files = (
			);
			inputFileListPaths = (
			);
			inputPaths = (
				"${PODS_PODFILE_DIR_PATH}/Podfile.lock",
				"${PODS_ROOT}/Manifest.lock",
			);
			name = "[CP] Check Pods Manifest.lock";
			outputFileListPaths = (
			);
			outputPaths = (
				"$(DERIVED_FILE_DIR)/Pods-Places_Aniversarie-checkManifestLockResult.txt",
			);
			runOnlyForDeploymentPostprocessing = 0;
			shellPath = /bin/sh;
			shellScript = "diff \"${PODS_PODFILE_DIR_PATH}/Podfile.lock\" \"${PODS_ROOT}/Manifest.lock\" > /dev/null\nif [ $? != 0 ] ; then\n    # print error to STDERR\n    echo \"error: The sandbox is not in sync with the Podfile.lock. Run 'pod install' or update your CocoaPods installation.\" >&2\n    exit 1\nfi\n# This output is used by Xcode 'outputs' to avoid re-running this script phase.\necho \"SUCCESS\" > \"${SCRIPT_OUTPUT_FILE_0}\"\n";
			showEnvVarsInLog = 0;
		};
		DD0C9D8B9CD70FE1340014E1 /* [CP] Embed Pods Frameworks */ = {
			isa = PBXShellScriptBuildPhase;
			buildActionMask = 2147483647;
			files = (
			);
			inputFileListPaths = (
				"${PODS_ROOT}/Target Support Files/Pods-Places_Aniversarie/Pods-Places_Aniversarie-frameworks-${CONFIGURATION}-input-files.xcfilelist",
			);
			name = "[CP] Embed Pods Frameworks";
			outputFileListPaths = (
				"${PODS_ROOT}/Target Support Files/Pods-Places_Aniversarie/Pods-Places_Aniversarie-frameworks-${CONFIGURATION}-output-files.xcfilelist",
			);
			runOnlyForDeploymentPostprocessing = 0;
			shellPath = /bin/sh;
			shellScript = "\"${PODS_ROOT}/Target Support Files/Pods-Places_Aniversarie/Pods-Places_Aniversarie-frameworks.sh\"\n";
			showEnvVarsInLog = 0;
		};
/* End PBXShellScriptBuildPhase section */

/* Begin PBXSourcesBuildPhase section */
		190E129E236051A000BA3054 /* Sources */ = {
			isa = PBXSourcesBuildPhase;
			buildActionMask = 2147483647;
			files = (
				1939C1AC2360D90700978F05 /* ViewModel.swift in Sources */,
				190E12AA236051A000BA3054 /* PlacesListVC.swift in Sources */,
				19A6FD20236089C9007F3FD5 /* PlaceModel.swift in Sources */,
				19A6FD2423609A78007F3FD5 /* PlaceManagementVC.swift in Sources */,
				197534C02360F49E00566E2E /* ProgressProtocol.swift in Sources */,
				190E12A6236051A000BA3054 /* AppDelegate.swift in Sources */,
				190E12A8236051A000BA3054 /* SceneDelegate.swift in Sources */,
				19A6FD262360B43A007F3FD5 /* MapVC.swift in Sources */,
				197534C42360F64000566E2E /* Extension+UIViewController.swift in Sources */,
				193F326B236226F200B3B227 /* CustomImageView.swift in Sources */,
				19A6FD1E236079F7007F3FD5 /* PlacesDBServices.swift in Sources */,
				19750C5C2361EC87001F403C /* PlacesListVM.swift in Sources */,
				1939C1AF2360DA9D00978F05 /* BindingTextField.swift in Sources */,
				193F32682362112800B3B227 /* PlacesListVMProtocol.swift in Sources */,
				19A6FD1C2360797F007F3FD5 /* PlacesDB.swift in Sources */,
				192AEE022360C3A700AA09A8 /* PlaceManagementVM.swift in Sources */,
			);
			runOnlyForDeploymentPostprocessing = 0;
		};
/* End PBXSourcesBuildPhase section */

/* Begin PBXVariantGroup section */
		190E12AB236051A000BA3054 /* Main.storyboard */ = {
			isa = PBXVariantGroup;
			children = (
				190E12AC236051A000BA3054 /* Base */,
			);
			name = Main.storyboard;
			sourceTree = "<group>";
		};
		190E12B0236051A700BA3054 /* LaunchScreen.storyboard */ = {
			isa = PBXVariantGroup;
			children = (
				190E12B1236051A700BA3054 /* Base */,
			);
			name = LaunchScreen.storyboard;
			sourceTree = "<group>";
		};
/* End PBXVariantGroup section */

/* Begin XCBuildConfiguration section */
		190E12B4236051A700BA3054 /* Debug */ = {
			isa = XCBuildConfiguration;
			buildSettings = {
				ALWAYS_SEARCH_USER_PATHS = NO;
				CLANG_ANALYZER_NONNULL = YES;
				CLANG_ANALYZER_NUMBER_OBJECT_CONVERSION = YES_AGGRESSIVE;
				CLANG_CXX_LANGUAGE_STANDARD = "gnu++14";
				CLANG_CXX_LIBRARY = "libc++";
				CLANG_ENABLE_MODULES = YES;
				CLANG_ENABLE_OBJC_ARC = YES;
				CLANG_ENABLE_OBJC_WEAK = YES;
				CLANG_WARN_BLOCK_CAPTURE_AUTORELEASING = YES;
				CLANG_WARN_BOOL_CONVERSION = YES;
				CLANG_WARN_COMMA = YES;
				CLANG_WARN_CONSTANT_CONVERSION = YES;
				CLANG_WARN_DEPRECATED_OBJC_IMPLEMENTATIONS = YES;
				CLANG_WARN_DIRECT_OBJC_ISA_USAGE = YES_ERROR;
				CLANG_WARN_DOCUMENTATION_COMMENTS = YES;
				CLANG_WARN_EMPTY_BODY = YES;
				CLANG_WARN_ENUM_CONVERSION = YES;
				CLANG_WARN_INFINITE_RECURSION = YES;
				CLANG_WARN_INT_CONVERSION = YES;
				CLANG_WARN_NON_LITERAL_NULL_CONVERSION = YES;
				CLANG_WARN_OBJC_IMPLICIT_RETAIN_SELF = YES;
				CLANG_WARN_OBJC_LITERAL_CONVERSION = YES;
				CLANG_WARN_OBJC_ROOT_CLASS = YES_ERROR;
				CLANG_WARN_RANGE_LOOP_ANALYSIS = YES;
				CLANG_WARN_STRICT_PROTOTYPES = YES;
				CLANG_WARN_SUSPICIOUS_MOVE = YES;
				CLANG_WARN_UNGUARDED_AVAILABILITY = YES_AGGRESSIVE;
				CLANG_WARN_UNREACHABLE_CODE = YES;
				CLANG_WARN__DUPLICATE_METHOD_MATCH = YES;
				COPY_PHASE_STRIP = NO;
				DEBUG_INFORMATION_FORMAT = dwarf;
				ENABLE_STRICT_OBJC_MSGSEND = YES;
				ENABLE_TESTABILITY = YES;
				GCC_C_LANGUAGE_STANDARD = gnu11;
				GCC_DYNAMIC_NO_PIC = NO;
				GCC_NO_COMMON_BLOCKS = YES;
				GCC_OPTIMIZATION_LEVEL = 0;
				GCC_PREPROCESSOR_DEFINITIONS = (
					"DEBUG=1",
					"$(inherited)",
				);
				GCC_WARN_64_TO_32_BIT_CONVERSION = YES;
				GCC_WARN_ABOUT_RETURN_TYPE = YES_ERROR;
				GCC_WARN_UNDECLARED_SELECTOR = YES;
				GCC_WARN_UNINITIALIZED_AUTOS = YES_AGGRESSIVE;
				GCC_WARN_UNUSED_FUNCTION = YES;
				GCC_WARN_UNUSED_VARIABLE = YES;
				IPHONEOS_DEPLOYMENT_TARGET = 13.1;
				MTL_ENABLE_DEBUG_INFO = INCLUDE_SOURCE;
				MTL_FAST_MATH = YES;
				ONLY_ACTIVE_ARCH = YES;
				SDKROOT = iphoneos;
				SWIFT_ACTIVE_COMPILATION_CONDITIONS = DEBUG;
				SWIFT_OPTIMIZATION_LEVEL = "-Onone";
			};
			name = Debug;
		};
		190E12B5236051A700BA3054 /* Release */ = {
			isa = XCBuildConfiguration;
			buildSettings = {
				ALWAYS_SEARCH_USER_PATHS = NO;
				CLANG_ANALYZER_NONNULL = YES;
				CLANG_ANALYZER_NUMBER_OBJECT_CONVERSION = YES_AGGRESSIVE;
				CLANG_CXX_LANGUAGE_STANDARD = "gnu++14";
				CLANG_CXX_LIBRARY = "libc++";
				CLANG_ENABLE_MODULES = YES;
				CLANG_ENABLE_OBJC_ARC = YES;
				CLANG_ENABLE_OBJC_WEAK = YES;
				CLANG_WARN_BLOCK_CAPTURE_AUTORELEASING = YES;
				CLANG_WARN_BOOL_CONVERSION = YES;
				CLANG_WARN_COMMA = YES;
				CLANG_WARN_CONSTANT_CONVERSION = YES;
				CLANG_WARN_DEPRECATED_OBJC_IMPLEMENTATIONS = YES;
				CLANG_WARN_DIRECT_OBJC_ISA_USAGE = YES_ERROR;
				CLANG_WARN_DOCUMENTATION_COMMENTS = YES;
				CLANG_WARN_EMPTY_BODY = YES;
				CLANG_WARN_ENUM_CONVERSION = YES;
				CLANG_WARN_INFINITE_RECURSION = YES;
				CLANG_WARN_INT_CONVERSION = YES;
				CLANG_WARN_NON_LITERAL_NULL_CONVERSION = YES;
				CLANG_WARN_OBJC_IMPLICIT_RETAIN_SELF = YES;
				CLANG_WARN_OBJC_LITERAL_CONVERSION = YES;
				CLANG_WARN_OBJC_ROOT_CLASS = YES_ERROR;
				CLANG_WARN_RANGE_LOOP_ANALYSIS = YES;
				CLANG_WARN_STRICT_PROTOTYPES = YES;
				CLANG_WARN_SUSPICIOUS_MOVE = YES;
				CLANG_WARN_UNGUARDED_AVAILABILITY = YES_AGGRESSIVE;
				CLANG_WARN_UNREACHABLE_CODE = YES;
				CLANG_WARN__DUPLICATE_METHOD_MATCH = YES;
				COPY_PHASE_STRIP = NO;
				DEBUG_INFORMATION_FORMAT = "dwarf-with-dsym";
				ENABLE_NS_ASSERTIONS = NO;
				ENABLE_STRICT_OBJC_MSGSEND = YES;
				GCC_C_LANGUAGE_STANDARD = gnu11;
				GCC_NO_COMMON_BLOCKS = YES;
				GCC_WARN_64_TO_32_BIT_CONVERSION = YES;
				GCC_WARN_ABOUT_RETURN_TYPE = YES_ERROR;
				GCC_WARN_UNDECLARED_SELECTOR = YES;
				GCC_WARN_UNINITIALIZED_AUTOS = YES_AGGRESSIVE;
				GCC_WARN_UNUSED_FUNCTION = YES;
				GCC_WARN_UNUSED_VARIABLE = YES;
				IPHONEOS_DEPLOYMENT_TARGET = 13.1;
				MTL_ENABLE_DEBUG_INFO = NO;
				MTL_FAST_MATH = YES;
				SDKROOT = iphoneos;
				SWIFT_COMPILATION_MODE = wholemodule;
				SWIFT_OPTIMIZATION_LEVEL = "-O";
				VALIDATE_PRODUCT = YES;
			};
			name = Release;
		};
		190E12B7236051A700BA3054 /* Debug */ = {
			isa = XCBuildConfiguration;
			baseConfigurationReference = 098C453EF76A9FE3B16924EA /* Pods-Places_Aniversarie.debug.xcconfig */;
			buildSettings = {
				ASSETCATALOG_COMPILER_APPICON_NAME = AppIcon;
				CODE_SIGN_STYLE = Automatic;
				DEVELOPMENT_TEAM = L3SSZK62LX;
				INFOPLIST_FILE = Places_Aniversarie/Info.plist;
				LD_RUNPATH_SEARCH_PATHS = (
					"$(inherited)",
					"@executable_path/Frameworks",
				);
				PRODUCT_BUNDLE_IDENTIFIER = "Bassuni.Places-Aniversarie";
				PRODUCT_NAME = "$(TARGET_NAME)";
				SWIFT_VERSION = 5.0;
				TARGETED_DEVICE_FAMILY = "1,2";
			};
			name = Debug;
		};
		190E12B8236051A700BA3054 /* Release */ = {
			isa = XCBuildConfiguration;
			baseConfigurationReference = D6E5DE361098A891B06C2255 /* Pods-Places_Aniversarie.release.xcconfig */;
			buildSettings = {
				ASSETCATALOG_COMPILER_APPICON_NAME = AppIcon;
				CODE_SIGN_STYLE = Automatic;
				DEVELOPMENT_TEAM = L3SSZK62LX;
				INFOPLIST_FILE = Places_Aniversarie/Info.plist;
				LD_RUNPATH_SEARCH_PATHS = (
					"$(inherited)",
					"@executable_path/Frameworks",
				);
				PRODUCT_BUNDLE_IDENTIFIER = "Bassuni.Places-Aniversarie";
				PRODUCT_NAME = "$(TARGET_NAME)";
				SWIFT_VERSION = 5.0;
				TARGETED_DEVICE_FAMILY = "1,2";
			};
			name = Release;
		};
/* End XCBuildConfiguration section */

/* Begin XCConfigurationList section */
		190E129D236051A000BA3054 /* Build configuration list for PBXProject "Places_Aniversarie" */ = {
			isa = XCConfigurationList;
			buildConfigurations = (
				190E12B4236051A700BA3054 /* Debug */,
				190E12B5236051A700BA3054 /* Release */,
			);
			defaultConfigurationIsVisible = 0;
			defaultConfigurationName = Release;
		};
		190E12B6236051A700BA3054 /* Build configuration list for PBXNativeTarget "Places_Aniversarie" */ = {
			isa = XCConfigurationList;
			buildConfigurations = (
				190E12B7236051A700BA3054 /* Debug */,
				190E12B8236051A700BA3054 /* Release */,
			);
			defaultConfigurationIsVisible = 0;
			defaultConfigurationName = Release;
		};
/* End XCConfigurationList section */
	};
	rootObject = 190E129A236051A000BA3054 /* Project object */;
}
